
Microsoft Visual Studio Solution File, Format Version 12.00
# Visual Studio 14
VisualStudioVersion = 14.0.24720.0
MinimumVisualStudioVersion = 10.0.40219.1
Project("{FAE04EC0-301F-11D3-BF4B-00C04F79EFBC}") = "Hypermint.Shell", "src\Hypermint.Shell\Hypermint.Shell.csproj", "{989C2D81-B19B-463C-BFFC-343087E7E5F9}"
EndProject
Project("{FAE04EC0-301F-11D3-BF4B-00C04F79EFBC}") = "Hypermint.Base", "src\Hypermint.Base\Hypermint.Base.csproj", "{5F4FDB5E-3624-4C1A-9B9E-8F27F185EADD}"
EndProject
Project("{2150E333-8FDC-42A3-9474-1A3956D46DE8}") = "Modules", "Modules", "{0AFE1AFB-7CB8-4A9A-BC3A-96A6ADD700C5}"
EndProject
Project("{FAE04EC0-301F-11D3-BF4B-00C04F79EFBC}") = "Hs.Hypermint.SidebarSystems", "src\Modules\Hs.Hypermint.SidebarSystems\Hs.Hypermint.SidebarSystems.csproj", "{26595977-A720-409E-AA0D-BBF4C6300EB1}"
EndProject
Project("{FAE04EC0-301F-11D3-BF4B-00C04F79EFBC}") = "Hs.Hypermint.Services", "src\Modules\Hs.Hypermint.Services\Hs.Hypermint.Services.csproj", "{7C5872EA-A3BD-4BFA-911C-0A9B62F2F11F}"
EndProject
Project("{2150E333-8FDC-42A3-9474-1A3956D46DE8}") = "DataModels", "DataModels", "{93FF07FF-821C-48FF-AC5F-EB934D6B0A6B}"
EndProject
Project("{FAE04EC0-301F-11D3-BF4B-00C04F79EFBC}") = "Hs.HyperSpin.Database", "src\DataModels\Hs.HyperSpin.Database\Hs.HyperSpin.Database.csproj", "{6108DDA5-DDA5-4254-B62D-6CDFB049FA8B}"
EndProject
Project("{FAE04EC0-301F-11D3-BF4B-00C04F79EFBC}") = "Hs.Hypermint.DatabaseDetails", "src\Modules\Hs.Hypermint.DatabaseDetails\Hs.Hypermint.DatabaseDetails.csproj", "{0F4321E7-FA9A-4528-B7CA-8D0EDEC79BC3}"
EndProject
Project("{2150E333-8FDC-42A3-9474-1A3956D46DE8}") = "UnitTests", "UnitTests", "{BEA36734-9F9E-40BE-92D0-E2F6F3B1A6CE}"
EndProject
Project("{FAE04EC0-301F-11D3-BF4B-00C04F79EFBC}") = "Hs.RocketLauncher.Statistics", "src\DataModels\Hs.RocketLauncher.Statistics\Hs.RocketLauncher.Statistics.csproj", "{370BBD46-B3B4-4F90-ADDD-291225A24BF0}"
EndProject
Project("{FAE04EC0-301F-11D3-BF4B-00C04F79EFBC}") = "RLStatsTest", "src\Tests\RLStatsTest\RLStatsTest.csproj", "{C5175C8F-D3CC-4D51-9BF5-A3BCE627DFAF}"
EndProject
Project("{FAE04EC0-301F-11D3-BF4B-00C04F79EFBC}") = "Hs.Hypermint.WheelCreator", "src\Modules\Hs.Hypermint.WheelCreator\Hs.Hypermint.WheelCreator.csproj", "{AE055706-C4C1-4CD9-AF7D-EF82BFB94DEC}"
EndProject
Project("{FAE04EC0-301F-11D3-BF4B-00C04F79EFBC}") = "AuditerTests", "src\Tests\AuditerTests\AuditerTests.csproj", "{FCAF8247-0C0A-4219-996C-5F918A6CC5EC}"
EndProject
Project("{FAE04EC0-301F-11D3-BF4B-00C04F79EFBC}") = "HyperSpinTests", "src\Tests\HyperSpinTests\HyperSpinTests.csproj", "{9E73405F-C1CE-4936-9C27-02C8053677EC}"
EndProject
Project("{FAE04EC0-301F-11D3-BF4B-00C04F79EFBC}") = "Hs.Hypermint.FilesViewer", "src\Modules\Hs.Hypermint.FilesViewer\Hs.Hypermint.FilesViewer.csproj", "{8A62E2D1-32E9-4FEE-9781-D397B73C80C4}"
EndProject
Project("{FAE04EC0-301F-11D3-BF4B-00C04F79EFBC}") = "Hs.Hypermint.Settings", "src\DataModels\Hs.Hypermint.Setting\Hs.Hypermint.Settings\Hs.Hypermint.Settings.csproj", "{D814D158-E6AE-4369-B1B0-185A6E08339D}"
EndProject
Project("{FAE04EC0-301F-11D3-BF4B-00C04F79EFBC}") = "Hs.Hypermint.MediaPane", "src\Modules\Hs.Hypermint.MediaPane\Hs.Hypermint.MediaPane.csproj", "{AB8B448C-DD74-4D60-A041-3E5D03A32180}"
EndProject
Project("{FAE04EC0-301F-11D3-BF4B-00C04F79EFBC}") = "Hs.Hypermint.MultiSystem", "src\Modules\Hs.Hypermint.MultiSystem\Hs.Hypermint.MultiSystem.csproj", "{D3212775-3E4A-4A36-A31D-26C3C6D1BA91}"
EndProject
Project("{FAE04EC0-301F-11D3-BF4B-00C04F79EFBC}") = "Hs.Hypermint.NavBar", "src\Modules\Hs.Hypermint.NavBar\Hs.Hypermint.NavBar.csproj", "{06F98AFB-D675-479D-9608-97C287BB1317}"
EndProject
Project("{FAE04EC0-301F-11D3-BF4B-00C04F79EFBC}") = "Hs.Hypermint.IntroVideos", "src\Modules\Hs.Hypermint.IntroVideos\Hs.Hypermint.IntroVideos.csproj", "{2D1E1886-EC6C-4401-8775-0C2FF030CFA3}"
EndProject
Project("{FAE04EC0-301F-11D3-BF4B-00C04F79EFBC}") = "Hs.Hypermint.Audits", "src\Modules\Hs.Hypermint.Audits\Hs.Hypermint.Audits.csproj", "{4DF6B19A-6129-46F7-8020-9F24E5D2584B}"
EndProject
Project("{FAE04EC0-301F-11D3-BF4B-00C04F79EFBC}") = "StandardTests", "StandardTests\StandardTests.csproj", "{A39705A5-7C1D-4CC7-9659-467C983D4B45}"
EndProject
Global
	GlobalSection(SolutionConfigurationPlatforms) = preSolution
		Debug|Any CPU = Debug|Any CPU
		Release|Any CPU = Release|Any CPU
	EndGlobalSection
	GlobalSection(ProjectConfigurationPlatforms) = postSolution
		{989C2D81-B19B-463C-BFFC-343087E7E5F9}.Debug|Any CPU.ActiveCfg = Debug|Any CPU
		{989C2D81-B19B-463C-BFFC-343087E7E5F9}.Debug|Any CPU.Build.0 = Debug|Any CPU
		{989C2D81-B19B-463C-BFFC-343087E7E5F9}.Release|Any CPU.ActiveCfg = Release|Any CPU
		{989C2D81-B19B-463C-BFFC-343087E7E5F9}.Release|Any CPU.Build.0 = Release|Any CPU
		{5F4FDB5E-3624-4C1A-9B9E-8F27F185EADD}.Debug|Any CPU.ActiveCfg = Debug|Any CPU
		{5F4FDB5E-3624-4C1A-9B9E-8F27F185EADD}.Debug|Any CPU.Build.0 = Debug|Any CPU
		{5F4FDB5E-3624-4C1A-9B9E-8F27F185EADD}.Release|Any CPU.ActiveCfg = Release|Any CPU
		{5F4FDB5E-3624-4C1A-9B9E-8F27F185EADD}.Release|Any CPU.Build.0 = Release|Any CPU
		{26595977-A720-409E-AA0D-BBF4C6300EB1}.Debug|Any CPU.ActiveCfg = Debug|Any CPU
		{26595977-A720-409E-AA0D-BBF4C6300EB1}.Debug|Any CPU.Build.0 = Debug|Any CPU
		{26595977-A720-409E-AA0D-BBF4C6300EB1}.Release|Any CPU.ActiveCfg = Release|Any CPU
		{26595977-A720-409E-AA0D-BBF4C6300EB1}.Release|Any CPU.Build.0 = Release|Any CPU
		{7C5872EA-A3BD-4BFA-911C-0A9B62F2F11F}.Debug|Any CPU.ActiveCfg = Debug|Any CPU
		{7C5872EA-A3BD-4BFA-911C-0A9B62F2F11F}.Debug|Any CPU.Build.0 = Debug|Any CPU
		{7C5872EA-A3BD-4BFA-911C-0A9B62F2F11F}.Release|Any CPU.ActiveCfg = Release|Any CPU
		{7C5872EA-A3BD-4BFA-911C-0A9B62F2F11F}.Release|Any CPU.Build.0 = Release|Any CPU
		{6108DDA5-DDA5-4254-B62D-6CDFB049FA8B}.Debug|Any CPU.ActiveCfg = Debug|Any CPU
		{6108DDA5-DDA5-4254-B62D-6CDFB049FA8B}.Debug|Any CPU.Build.0 = Debug|Any CPU
		{6108DDA5-DDA5-4254-B62D-6CDFB049FA8B}.Release|Any CPU.ActiveCfg = Release|Any CPU
		{6108DDA5-DDA5-4254-B62D-6CDFB049FA8B}.Release|Any CPU.Build.0 = Release|Any CPU
		{0F4321E7-FA9A-4528-B7CA-8D0EDEC79BC3}.Debug|Any CPU.ActiveCfg = Debug|Any CPU
		{0F4321E7-FA9A-4528-B7CA-8D0EDEC79BC3}.Debug|Any CPU.Build.0 = Debug|Any CPU
		{0F4321E7-FA9A-4528-B7CA-8D0EDEC79BC3}.Release|Any CPU.ActiveCfg = Release|Any CPU
		{0F4321E7-FA9A-4528-B7CA-8D0EDEC79BC3}.Release|Any CPU.Build.0 = Release|Any CPU
		{370BBD46-B3B4-4F90-ADDD-291225A24BF0}.Debug|Any CPU.ActiveCfg = Debug|Any CPU
		{370BBD46-B3B4-4F90-ADDD-291225A24BF0}.Debug|Any CPU.Build.0 = Debug|Any CPU
		{370BBD46-B3B4-4F90-ADDD-291225A24BF0}.Release|Any CPU.ActiveCfg = Release|Any CPU
		{370BBD46-B3B4-4F90-ADDD-291225A24BF0}.Release|Any CPU.Build.0 = Release|Any CPU
		{C5175C8F-D3CC-4D51-9BF5-A3BCE627DFAF}.Debug|Any CPU.ActiveCfg = Debug|Any CPU
		{C5175C8F-D3CC-4D51-9BF5-A3BCE627DFAF}.Debug|Any CPU.Build.0 = Debug|Any CPU
		{C5175C8F-D3CC-4D51-9BF5-A3BCE627DFAF}.Release|Any CPU.ActiveCfg = Release|Any CPU
		{C5175C8F-D3CC-4D51-9BF5-A3BCE627DFAF}.Release|Any CPU.Build.0 = Release|Any CPU
		{AE055706-C4C1-4CD9-AF7D-EF82BFB94DEC}.Debug|Any CPU.ActiveCfg = Debug|Any CPU
		{AE055706-C4C1-4CD9-AF7D-EF82BFB94DEC}.Debug|Any CPU.Build.0 = Debug|Any CPU
		{AE055706-C4C1-4CD9-AF7D-EF82BFB94DEC}.Release|Any CPU.ActiveCfg = Release|Any CPU
		{AE055706-C4C1-4CD9-AF7D-EF82BFB94DEC}.Release|Any CPU.Build.0 = Release|Any CPU
		{FCAF8247-0C0A-4219-996C-5F918A6CC5EC}.Debug|Any CPU.ActiveCfg = Debug|Any CPU
		{FCAF8247-0C0A-4219-996C-5F918A6CC5EC}.Debug|Any CPU.Build.0 = Debug|Any CPU
		{FCAF8247-0C0A-4219-996C-5F918A6CC5EC}.Release|Any CPU.ActiveCfg = Release|Any CPU
		{FCAF8247-0C0A-4219-996C-5F918A6CC5EC}.Release|Any CPU.Build.0 = Release|Any CPU
		{9E73405F-C1CE-4936-9C27-02C8053677EC}.Debug|Any CPU.ActiveCfg = Debug|Any CPU
		{9E73405F-C1CE-4936-9C27-02C8053677EC}.Debug|Any CPU.Build.0 = Debug|Any CPU
		{9E73405F-C1CE-4936-9C27-02C8053677EC}.Release|Any CPU.ActiveCfg = Release|Any CPU
		{9E73405F-C1CE-4936-9C27-02C8053677EC}.Release|Any CPU.Build.0 = Release|Any CPU
		{8A62E2D1-32E9-4FEE-9781-D397B73C80C4}.Debug|Any CPU.ActiveCfg = Debug|Any CPU
		{8A62E2D1-32E9-4FEE-9781-D397B73C80C4}.Debug|Any CPU.Build.0 = Debug|Any CPU
		{8A62E2D1-32E9-4FEE-9781-D397B73C80C4}.Release|Any CPU.ActiveCfg = Release|Any CPU
		{8A62E2D1-32E9-4FEE-9781-D397B73C80C4}.Release|Any CPU.Build.0 = Release|Any CPU
		{D814D158-E6AE-4369-B1B0-185A6E08339D}.Debug|Any CPU.ActiveCfg = Debug|Any CPU
		{D814D158-E6AE-4369-B1B0-185A6E08339D}.Debug|Any CPU.Build.0 = Debug|Any CPU
		{D814D158-E6AE-4369-B1B0-185A6E08339D}.Release|Any CPU.ActiveCfg = Release|Any CPU
		{D814D158-E6AE-4369-B1B0-185A6E08339D}.Release|Any CPU.Build.0 = Release|Any CPU
		{AB8B448C-DD74-4D60-A041-3E5D03A32180}.Debug|Any CPU.ActiveCfg = Debug|Any CPU
		{AB8B448C-DD74-4D60-A041-3E5D03A32180}.Debug|Any CPU.Build.0 = Debug|Any CPU
		{AB8B448C-DD74-4D60-A041-3E5D03A32180}.Release|Any CPU.ActiveCfg = Release|Any CPU
		{AB8B448C-DD74-4D60-A041-3E5D03A32180}.Release|Any CPU.Build.0 = Release|Any CPU
		{D3212775-3E4A-4A36-A31D-26C3C6D1BA91}.Debug|Any CPU.ActiveCfg = Debug|Any CPU
		{D3212775-3E4A-4A36-A31D-26C3C6D1BA91}.Debug|Any CPU.Build.0 = Debug|Any CPU
		{D3212775-3E4A-4A36-A31D-26C3C6D1BA91}.Release|Any CPU.ActiveCfg = Release|Any CPU
		{D3212775-3E4A-4A36-A31D-26C3C6D1BA91}.Release|Any CPU.Build.0 = Release|Any CPU
		{06F98AFB-D675-479D-9608-97C287BB1317}.Debug|Any CPU.ActiveCfg = Debug|Any CPU
		{06F98AFB-D675-479D-9608-97C287BB1317}.Debug|Any CPU.Build.0 = Debug|Any CPU
		{06F98AFB-D675-479D-9608-97C287BB1317}.Release|Any CPU.ActiveCfg = Release|Any CPU
		{06F98AFB-D675-479D-9608-97C287BB1317}.Release|Any CPU.Build.0 = Release|Any CPU
		{2D1E1886-EC6C-4401-8775-0C2FF030CFA3}.Debug|Any CPU.ActiveCfg = Debug|Any CPU
		{2D1E1886-EC6C-4401-8775-0C2FF030CFA3}.Debug|Any CPU.Build.0 = Debug|Any CPU
		{2D1E1886-EC6C-4401-8775-0C2FF030CFA3}.Release|Any CPU.ActiveCfg = Release|Any CPU
		{2D1E1886-EC6C-4401-8775-0C2FF030CFA3}.Release|Any CPU.Build.0 = Release|Any CPU
		{4DF6B19A-6129-46F7-8020-9F24E5D2584B}.Debug|Any CPU.ActiveCfg = Debug|Any CPU
		{4DF6B19A-6129-46F7-8020-9F24E5D2584B}.Debug|Any CPU.Build.0 = Debug|Any CPU
		{4DF6B19A-6129-46F7-8020-9F24E5D2584B}.Release|Any CPU.ActiveCfg = Release|Any CPU
		{4DF6B19A-6129-46F7-8020-9F24E5D2584B}.Release|Any CPU.Build.0 = Release|Any CPU
		{A39705A5-7C1D-4CC7-9659-467C983D4B45}.Debug|Any CPU.ActiveCfg = Debug|Any CPU
		{A39705A5-7C1D-4CC7-9659-467C983D4B45}.Debug|Any CPU.Build.0 = Debug|Any CPU
		{A39705A5-7C1D-4CC7-9659-467C983D4B45}.Release|Any CPU.ActiveCfg = Release|Any CPU
		{A39705A5-7C1D-4CC7-9659-467C983D4B45}.Release|Any CPU.Build.0 = Release|Any CPU
	EndGlobalSection
	GlobalSection(SolutionProperties) = preSolution
		HideSolutionNode = FALSE
	EndGlobalSection
	GlobalSection(NestedProjects) = preSolution
		{26595977-A720-409E-AA0D-BBF4C6300EB1} = {0AFE1AFB-7CB8-4A9A-BC3A-96A6ADD700C5}
		{7C5872EA-A3BD-4BFA-911C-0A9B62F2F11F} = {0AFE1AFB-7CB8-4A9A-BC3A-96A6ADD700C5}
		{6108DDA5-DDA5-4254-B62D-6CDFB049FA8B} = {93FF07FF-821C-48FF-AC5F-EB934D6B0A6B}
		{0F4321E7-FA9A-4528-B7CA-8D0EDEC79BC3} = {0AFE1AFB-7CB8-4A9A-BC3A-96A6ADD700C5}
		{370BBD46-B3B4-4F90-ADDD-291225A24BF0} = {93FF07FF-821C-48FF-AC5F-EB934D6B0A6B}
		{C5175C8F-D3CC-4D51-9BF5-A3BCE627DFAF} = {BEA36734-9F9E-40BE-92D0-E2F6F3B1A6CE}
		{AE055706-C4C1-4CD9-AF7D-EF82BFB94DEC} = {0AFE1AFB-7CB8-4A9A-BC3A-96A6ADD700C5}
		{FCAF8247-0C0A-4219-996C-5F918A6CC5EC} = {BEA36734-9F9E-40BE-92D0-E2F6F3B1A6CE}
		{9E73405F-C1CE-4936-9C27-02C8053677EC} = {BEA36734-9F9E-40BE-92D0-E2F6F3B1A6CE}
		{8A62E2D1-32E9-4FEE-9781-D397B73C80C4} = {0AFE1AFB-7CB8-4A9A-BC3A-96A6ADD700C5}
		{D814D158-E6AE-4369-B1B0-185A6E08339D} = {93FF07FF-821C-48FF-AC5F-EB934D6B0A6B}
		{AB8B448C-DD74-4D60-A041-3E5D03A32180} = {0AFE1AFB-7CB8-4A9A-BC3A-96A6ADD700C5}
		{D3212775-3E4A-4A36-A31D-26C3C6D1BA91} = {0AFE1AFB-7CB8-4A9A-BC3A-96A6ADD700C5}
		{06F98AFB-D675-479D-9608-97C287BB1317} = {0AFE1AFB-7CB8-4A9A-BC3A-96A6ADD700C5}
		{2D1E1886-EC6C-4401-8775-0C2FF030CFA3} = {0AFE1AFB-7CB8-4A9A-BC3A-96A6ADD700C5}
		{4DF6B19A-6129-46F7-8020-9F24E5D2584B} = {0AFE1AFB-7CB8-4A9A-BC3A-96A6ADD700C5}
	EndGlobalSection
EndGlobal
